
Microsoft Visual Studio Solution File, Format Version 12.00
# Visual Studio Version 16
VisualStudioVersion = 16.0.30413.136
MinimumVisualStudioVersion = 10.0.40219.1
Project("{FAE04EC0-301F-11D3-BF4B-00C04F79EFBC}") = "HelloWorldIntro.Android", "HelloWorldIntro\HelloWorldIntro.Android\HelloWorldIntro.Android.csproj", "{1A4E6906-C4EB-4710-8170-8ADA9D372D1D}"
EndProject
Project("{FAE04EC0-301F-11D3-BF4B-00C04F79EFBC}") = "HelloWorldIntro.iOS", "HelloWorldIntro\HelloWorldIntro.iOS\HelloWorldIntro.iOS.csproj", "{AC6B0CDE-A4C5-45D4-A5F2-A53EBBD7F561}"
EndProject
Project("{9A19103F-16F7-4668-BE54-9A1E7A4F7556}") = "HelloWorldIntro", "HelloWorldIntro\HelloWorldIntro\HelloWorldIntro.csproj", "{854145F7-2FB8-4BB3-9175-5180BBFA887C}"
EndProject
Global
	GlobalSection(SolutionConfigurationPlatforms) = preSolution
		Debug|Any CPU = Debug|Any CPU
		Debug|iPhone = Debug|iPhone
		Debug|iPhoneSimulator = Debug|iPhoneSimulator
		Release|Any CPU = Release|Any CPU
		Release|iPhone = Release|iPhone
		Release|iPhoneSimulator = Release|iPhoneSimulator
	EndGlobalSection
	GlobalSection(ProjectConfigurationPlatforms) = postSolution
		{1A4E6906-C4EB-4710-8170-8ADA9D372D1D}.Debug|Any CPU.ActiveCfg = Debug|Any CPU
		{1A4E6906-C4EB-4710-8170-8ADA9D372D1D}.Debug|Any CPU.Build.0 = Debug|Any CPU
		{1A4E6906-C4EB-4710-8170-8ADA9D372D1D}.Debug|Any CPU.Deploy.0 = Debug|Any CPU
		{1A4E6906-C4EB-4710-8170-8ADA9D372D1D}.Debug|iPhone.ActiveCfg = Debug|Any CPU
		{1A4E6906-C4EB-4710-8170-8ADA9D372D1D}.Debug|iPhone.Build.0 = Debug|Any CPU
		{1A4E6906-C4EB-4710-8170-8ADA9D372D1D}.Debug|iPhone.Deploy.0 = Debug|Any CPU
		{1A4E6906-C4EB-4710-8170-8ADA9D372D1D}.Debug|iPhoneSimulator.ActiveCfg = Debug|Any CPU
		{1A4E6906-C4EB-4710-8170-8ADA9D372D1D}.Debug|iPhoneSimulator.Build.0 = Debug|Any CPU
		{1A4E6906-C4EB-4710-8170-8ADA9D372D1D}.Debug|iPhoneSimulator.Deploy.0 = Debug|Any CPU
		{1A4E6906-C4EB-4710-8170-8ADA9D372D1D}.Release|Any CPU.ActiveCfg = Release|Any CPU
		{1A4E6906-C4EB-4710-8170-8ADA9D372D1D}.Release|Any CPU.Build.0 = Release|Any CPU
		{1A4E6906-C4EB-4710-8170-8ADA9D372D1D}.Release|Any CPU.Deploy.0 = Release|Any CPU
		{1A4E6906-C4EB-4710-8170-8ADA9D372D1D}.Release|iPhone.ActiveCfg = Release|Any CPU
		{1A4E6906-C4EB-4710-8170-8ADA9D372D1D}.Release|iPhone.Build.0 = Release|Any CPU
		{1A4E6906-C4EB-4710-8170-8ADA9D372D1D}.Release|iPhone.Deploy.0 = Release|Any CPU
		{1A4E6906-C4EB-4710-8170-8ADA9D372D1D}.Release|iPhoneSimulator.ActiveCfg = Release|Any CPU
		{1A4E6906-C4EB-4710-8170-8ADA9D372D1D}.Release|iPhoneSimulator.Build.0 = Release|Any CPU
		{1A4E6906-C4EB-4710-8170-8ADA9D372D1D}.Release|iPhoneSimulator.Deploy.0 = Release|Any CPU
		{AC6B0CDE-A4C5-45D4-A5F2-A53EBBD7F561}.Debug|Any CPU.ActiveCfg = Debug|iPhone
		{AC6B0CDE-A4C5-45D4-A5F2-A53EBBD7F561}.Debug|Any CPU.Build.0 = Debug|iPhone
		{AC6B0CDE-A4C5-45D4-A5F2-A53EBBD7F561}.Debug|Any CPU.Deploy.0 = Debug|iPhone
		{AC6B0CDE-A4C5-45D4-A5F2-A53EBBD7F561}.Debug|iPhone.ActiveCfg = Debug|iPhone
		{AC6B0CDE-A4C5-45D4-A5F2-A53EBBD7F561}.Debug|iPhone.Build.0 = Debug|iPhone
		{AC6B0CDE-A4C5-45D4-A5F2-A53EBBD7F561}.Debug|iPhone.Deploy.0 = Debug|iPhone
		{AC6B0CDE-A4C5-45D4-A5F2-A53EBBD7F561}.Debug|iPhoneSimulator.ActiveCfg = Debug|iPhoneSimulator
		{AC6B0CDE-A4C5-45D4-A5F2-A53EBBD7F561}.Debug|iPhoneSimulator.Build.0 = Debug|iPhoneSimulator
		{AC6B0CDE-A4C5-45D4-A5F2-A53EBBD7F561}.Debug|iPhoneSimulator.Deploy.0 = Debug|iPhoneSimulator
		{AC6B0CDE-A4C5-45D4-A5F2-A53EBBD7F561}.Release|Any CPU.ActiveCfg = Release|iPhone
		{AC6B0CDE-A4C5-45D4-A5F2-A53EBBD7F561}.Release|Any CPU.Build.0 = Release|iPhone
		{AC6B0CDE-A4C5-45D4-A5F2-A53EBBD7F561}.Release|Any CPU.Deploy.0 = Release|iPhone
		{AC6B0CDE-A4C5-45D4-A5F2-A53EBBD7F561}.Release|iPhone.ActiveCfg = Release|iPhone
		{AC6B0CDE-A4C5-45D4-A5F2-A53EBBD7F561}.Release|iPhone.Build.0 = Release|iPhone
		{AC6B0CDE-A4C5-45D4-A5F2-A53EBBD7F561}.Release|iPhone.Deploy.0 = Release|iPhone
		{AC6B0CDE-A4C5-45D4-A5F2-A53EBBD7F561}.Release|iPhoneSimulator.ActiveCfg = Release|iPhoneSimulator
		{AC6B0CDE-A4C5-45D4-A5F2-A53EBBD7F561}.Release|iPhoneSimulator.Build.0 = Release|iPhoneSimulator
		{AC6B0CDE-A4C5-45D4-A5F2-A53EBBD7F561}.Release|iPhoneSimulator.Deploy.0 = Release|iPhoneSimulator
		{854145F7-2FB8-4BB3-9175-5180BBFA887C}.Debug|Any CPU.ActiveCfg = Debug|Any CPU
		{854145F7-2FB8-4BB3-9175-5180BBFA887C}.Debug|Any CPU.Build.0 = Debug|Any CPU
		{854145F7-2FB8-4BB3-9175-5180BBFA887C}.Debug|Any CPU.Deploy.0 = Debug|Any CPU
		{854145F7-2FB8-4BB3-9175-5180BBFA887C}.Debug|iPhone.ActiveCfg = Debug|Any CPU
		{854145F7-2FB8-4BB3-9175-5180BBFA887C}.Debug|iPhone.Build.0 = Debug|Any CPU
		{854145F7-2FB8-4BB3-9175-5180BBFA887C}.Debug|iPhone.Deploy.0 = Debug|Any CPU
		{854145F7-2FB8-4BB3-9175-5180BBFA887C}.Debug|iPhoneSimulator.ActiveCfg = Debug|Any CPU
		{854145F7-2FB8-4BB3-9175-5180BBFA887C}.Debug|iPhoneSimulator.Build.0 = Debug|Any CPU
		{854145F7-2FB8-4BB3-9175-5180BBFA887C}.Debug|iPhoneSimulator.Deploy.0 = Debug|Any CPU
		{854145F7-2FB8-4BB3-9175-5180BBFA887C}.Release|Any CPU.ActiveCfg = Release|Any CPU
		{854145F7-2FB8-4BB3-9175-5180BBFA887C}.Release|Any CPU.Build.0 = Release|Any CPU
		{854145F7-2FB8-4BB3-9175-5180BBFA887C}.Release|Any CPU.Deploy.0 = Release|Any CPU
		{854145F7-2FB8-4BB3-9175-5180BBFA887C}.Release|iPhone.ActiveCfg = Release|Any CPU
		{854145F7-2FB8-4BB3-9175-5180BBFA887C}.Release|iPhone.Build.0 = Release|Any CPU
		{854145F7-2FB8-4BB3-9175-5180BBFA887C}.Release|iPhone.Deploy.0 = Release|Any CPU
		{854145F7-2FB8-4BB3-9175-5180BBFA887C}.Release|iPhoneSimulator.ActiveCfg = Release|Any CPU
		{854145F7-2FB8-4BB3-9175-5180BBFA887C}.Release|iPhoneSimulator.Build.0 = Release|Any CPU
		{854145F7-2FB8-4BB3-9175-5180BBFA887C}.Release|iPhoneSimulator.Deploy.0 = Release|Any CPU
	EndGlobalSection
	GlobalSection(SolutionProperties) = preSolution
		HideSolutionNode = FALSE
	EndGlobalSection
	GlobalSection(ExtensibilityGlobals) = postSolution
		SolutionGuid = {3B6AF79C-3813-4547-B819-C6CFD9B68093}
	EndGlobalSection
EndGlobal
